
Microsoft Visual Studio Solution File, Format Version 12.00
# Visual Studio 15
VisualStudioVersion = 15.0.27130.2020
MinimumVisualStudioVersion = 10.0.40219.1
Project("{FAE04EC0-301F-11D3-BF4B-00C04F79EFBC}") = "类型转换1", "类型转换1\类型转换1.csproj", "{2563FA15-9FDC-4EC1-8FEA-29BF826CE589}"
EndProject
Project("{FAE04EC0-301F-11D3-BF4B-00C04F79EFBC}") = "委托", "委托\委托.csproj", "{C45B02F9-C7D0-4B29-A1F8-88CD7C4E1518}"
EndProject
Project("{FAE04EC0-301F-11D3-BF4B-00C04F79EFBC}") = "关键字使用和执行顺序", "关键字使用和执行顺序\关键字使用和执行顺序.csproj", "{FF9FC6D3-6D55-4AFA-8B9C-69500FC7CDAC}"
EndProject
Project("{FAE04EC0-301F-11D3-BF4B-00C04F79EFBC}") = "泛型", "泛型\泛型.csproj", "{A6177829-E90A-4595-869C-93622772E6BD}"
EndProject
Project("{FAE04EC0-301F-11D3-BF4B-00C04F79EFBC}") = "值类型和引用类型", "值类型和引用类型\值类型和引用类型.csproj", "{6EACFDD1-3240-4243-8220-6EF99D51CBDA}"
EndProject
Project("{FAE04EC0-301F-11D3-BF4B-00C04F79EFBC}") = "装箱拆箱", "装箱拆箱\装箱拆箱.csproj", "{F766FF7D-4D77-44ED-B809-C94FD2B550FF}"
EndProject
Project("{FAE04EC0-301F-11D3-BF4B-00C04F79EFBC}") = "动态语言CSharp", "动态语言CSharp\动态语言CSharp.csproj", "{2FA1E52E-4304-4E99-B3A3-56123AB77E8E}"
EndProject
Project("{FAE04EC0-301F-11D3-BF4B-00C04F79EFBC}") = "TaskDemo", "TaskDemo\TaskDemo.csproj", "{DDD919DE-DFB7-495E-83CD-A4BA1E2929FB}"
EndProject
Project("{FAE04EC0-301F-11D3-BF4B-00C04F79EFBC}") = "NETBase", "NETBase\NETBase.csproj", "{2F53CC2E-CE15-4BD2-8AF5-9E5B15EE48E3}"
EndProject
Project("{FAE04EC0-301F-11D3-BF4B-00C04F79EFBC}") = "MetricsDemo", "MetricsDemo\MetricsDemo.csproj", "{8A7C0041-A9CB-4B16-B39A-2046A77FD5FF}"
EndProject
Project("{FAE04EC0-301F-11D3-BF4B-00C04F79EFBC}") = "UnitTest", "UnitTest\UnitTest.csproj", "{57A03DCB-CED7-4468-A708-64F857955A76}"
EndProject
Project("{FAE04EC0-301F-11D3-BF4B-00C04F79EFBC}") = "代码片段", "代码片段\代码片段.csproj", "{7EE4BF9C-5D1E-4E44-ACD1-EA8560A03D8F}"
EndProject
Project("{FAE04EC0-301F-11D3-BF4B-00C04F79EFBC}") = "CastleDemo", "CastelDemo\CastleDemo.csproj", "{9C4A6C9D-382B-417C-9B2C-6F7BCEFA9B24}"
EndProject
Project("{9A19103F-16F7-4668-BE54-9A1E7A4F7556}") = "WebCoreDemo", "WebCoreDemo\WebCoreDemo.csproj", "{00819ED2-C18B-44E0-B47D-2D53850941FA}"
EndProject
Project("{9A19103F-16F7-4668-BE54-9A1E7A4F7556}") = "ExceptionlessDemo", "ExceptionlessDemo\ExceptionlessDemo.csproj", "{B061EED1-F171-4DA5-868E-97E086EED654}"
EndProject
Global
	GlobalSection(SolutionConfigurationPlatforms) = preSolution
		Debug|Any CPU = Debug|Any CPU
		Debug|x86 = Debug|x86
		Release|Any CPU = Release|Any CPU
		Release|x86 = Release|x86
	EndGlobalSection
	GlobalSection(ProjectConfigurationPlatforms) = postSolution
		{2563FA15-9FDC-4EC1-8FEA-29BF826CE589}.Debug|Any CPU.ActiveCfg = Debug|Any CPU
		{2563FA15-9FDC-4EC1-8FEA-29BF826CE589}.Debug|Any CPU.Build.0 = Debug|Any CPU
		{2563FA15-9FDC-4EC1-8FEA-29BF826CE589}.Debug|x86.ActiveCfg = Debug|x86
		{2563FA15-9FDC-4EC1-8FEA-29BF826CE589}.Debug|x86.Build.0 = Debug|x86
		{2563FA15-9FDC-4EC1-8FEA-29BF826CE589}.Release|Any CPU.ActiveCfg = Release|Any CPU
		{2563FA15-9FDC-4EC1-8FEA-29BF826CE589}.Release|Any CPU.Build.0 = Release|Any CPU
		{2563FA15-9FDC-4EC1-8FEA-29BF826CE589}.Release|x86.ActiveCfg = Release|x86
		{2563FA15-9FDC-4EC1-8FEA-29BF826CE589}.Release|x86.Build.0 = Release|x86
		{C45B02F9-C7D0-4B29-A1F8-88CD7C4E1518}.Debug|Any CPU.ActiveCfg = Debug|Any CPU
		{C45B02F9-C7D0-4B29-A1F8-88CD7C4E1518}.Debug|Any CPU.Build.0 = Debug|Any CPU
		{C45B02F9-C7D0-4B29-A1F8-88CD7C4E1518}.Debug|x86.ActiveCfg = Debug|x86
		{C45B02F9-C7D0-4B29-A1F8-88CD7C4E1518}.Debug|x86.Build.0 = Debug|x86
		{C45B02F9-C7D0-4B29-A1F8-88CD7C4E1518}.Release|Any CPU.ActiveCfg = Release|Any CPU
		{C45B02F9-C7D0-4B29-A1F8-88CD7C4E1518}.Release|Any CPU.Build.0 = Release|Any CPU
		{C45B02F9-C7D0-4B29-A1F8-88CD7C4E1518}.Release|x86.ActiveCfg = Release|x86
		{C45B02F9-C7D0-4B29-A1F8-88CD7C4E1518}.Release|x86.Build.0 = Release|x86
		{FF9FC6D3-6D55-4AFA-8B9C-69500FC7CDAC}.Debug|Any CPU.ActiveCfg = Debug|Any CPU
		{FF9FC6D3-6D55-4AFA-8B9C-69500FC7CDAC}.Debug|Any CPU.Build.0 = Debug|Any CPU
		{FF9FC6D3-6D55-4AFA-8B9C-69500FC7CDAC}.Debug|x86.ActiveCfg = Debug|x86
		{FF9FC6D3-6D55-4AFA-8B9C-69500FC7CDAC}.Debug|x86.Build.0 = Debug|x86
		{FF9FC6D3-6D55-4AFA-8B9C-69500FC7CDAC}.Release|Any CPU.ActiveCfg = Release|Any CPU
		{FF9FC6D3-6D55-4AFA-8B9C-69500FC7CDAC}.Release|Any CPU.Build.0 = Release|Any CPU
		{FF9FC6D3-6D55-4AFA-8B9C-69500FC7CDAC}.Release|x86.ActiveCfg = Release|x86
		{FF9FC6D3-6D55-4AFA-8B9C-69500FC7CDAC}.Release|x86.Build.0 = Release|x86
		{A6177829-E90A-4595-869C-93622772E6BD}.Debug|Any CPU.ActiveCfg = Debug|Any CPU
		{A6177829-E90A-4595-869C-93622772E6BD}.Debug|Any CPU.Build.0 = Debug|Any CPU
		{A6177829-E90A-4595-869C-93622772E6BD}.Debug|x86.ActiveCfg = Debug|x86
		{A6177829-E90A-4595-869C-93622772E6BD}.Debug|x86.Build.0 = Debug|x86
		{A6177829-E90A-4595-869C-93622772E6BD}.Release|Any CPU.ActiveCfg = Release|Any CPU
		{A6177829-E90A-4595-869C-93622772E6BD}.Release|Any CPU.Build.0 = Release|Any CPU
		{A6177829-E90A-4595-869C-93622772E6BD}.Release|x86.ActiveCfg = Release|x86
		{A6177829-E90A-4595-869C-93622772E6BD}.Release|x86.Build.0 = Release|x86
		{6EACFDD1-3240-4243-8220-6EF99D51CBDA}.Debug|Any CPU.ActiveCfg = Debug|Any CPU
		{6EACFDD1-3240-4243-8220-6EF99D51CBDA}.Debug|Any CPU.Build.0 = Debug|Any CPU
		{6EACFDD1-3240-4243-8220-6EF99D51CBDA}.Debug|x86.ActiveCfg = Debug|x86
		{6EACFDD1-3240-4243-8220-6EF99D51CBDA}.Debug|x86.Build.0 = Debug|x86
		{6EACFDD1-3240-4243-8220-6EF99D51CBDA}.Release|Any CPU.ActiveCfg = Release|Any CPU
		{6EACFDD1-3240-4243-8220-6EF99D51CBDA}.Release|Any CPU.Build.0 = Release|Any CPU
		{6EACFDD1-3240-4243-8220-6EF99D51CBDA}.Release|x86.ActiveCfg = Release|x86
		{6EACFDD1-3240-4243-8220-6EF99D51CBDA}.Release|x86.Build.0 = Release|x86
		{F766FF7D-4D77-44ED-B809-C94FD2B550FF}.Debug|Any CPU.ActiveCfg = Debug|Any CPU
		{F766FF7D-4D77-44ED-B809-C94FD2B550FF}.Debug|Any CPU.Build.0 = Debug|Any CPU
		{F766FF7D-4D77-44ED-B809-C94FD2B550FF}.Debug|x86.ActiveCfg = Debug|x86
		{F766FF7D-4D77-44ED-B809-C94FD2B550FF}.Debug|x86.Build.0 = Debug|x86
		{F766FF7D-4D77-44ED-B809-C94FD2B550FF}.Release|Any CPU.ActiveCfg = Release|Any CPU
		{F766FF7D-4D77-44ED-B809-C94FD2B550FF}.Release|Any CPU.Build.0 = Release|Any CPU
		{F766FF7D-4D77-44ED-B809-C94FD2B550FF}.Release|x86.ActiveCfg = Release|x86
		{F766FF7D-4D77-44ED-B809-C94FD2B550FF}.Release|x86.Build.0 = Release|x86
		{2FA1E52E-4304-4E99-B3A3-56123AB77E8E}.Debug|Any CPU.ActiveCfg = Debug|Any CPU
		{2FA1E52E-4304-4E99-B3A3-56123AB77E8E}.Debug|Any CPU.Build.0 = Debug|Any CPU
		{2FA1E52E-4304-4E99-B3A3-56123AB77E8E}.Debug|x86.ActiveCfg = Debug|x86
		{2FA1E52E-4304-4E99-B3A3-56123AB77E8E}.Debug|x86.Build.0 = Debug|x86
		{2FA1E52E-4304-4E99-B3A3-56123AB77E8E}.Release|Any CPU.ActiveCfg = Release|Any CPU
		{2FA1E52E-4304-4E99-B3A3-56123AB77E8E}.Release|Any CPU.Build.0 = Release|Any CPU
		{2FA1E52E-4304-4E99-B3A3-56123AB77E8E}.Release|x86.ActiveCfg = Release|x86
		{2FA1E52E-4304-4E99-B3A3-56123AB77E8E}.Release|x86.Build.0 = Release|x86
		{DDD919DE-DFB7-495E-83CD-A4BA1E2929FB}.Debug|Any CPU.ActiveCfg = Debug|Any CPU
		{DDD919DE-DFB7-495E-83CD-A4BA1E2929FB}.Debug|Any CPU.Build.0 = Debug|Any CPU
		{DDD919DE-DFB7-495E-83CD-A4BA1E2929FB}.Debug|x86.ActiveCfg = Debug|x86
		{DDD919DE-DFB7-495E-83CD-A4BA1E2929FB}.Debug|x86.Build.0 = Debug|x86
		{DDD919DE-DFB7-495E-83CD-A4BA1E2929FB}.Release|Any CPU.ActiveCfg = Release|Any CPU
		{DDD919DE-DFB7-495E-83CD-A4BA1E2929FB}.Release|Any CPU.Build.0 = Release|Any CPU
		{DDD919DE-DFB7-495E-83CD-A4BA1E2929FB}.Release|x86.ActiveCfg = Release|x86
		{DDD919DE-DFB7-495E-83CD-A4BA1E2929FB}.Release|x86.Build.0 = Release|x86
		{2F53CC2E-CE15-4BD2-8AF5-9E5B15EE48E3}.Debug|Any CPU.ActiveCfg = Debug|Any CPU
		{2F53CC2E-CE15-4BD2-8AF5-9E5B15EE48E3}.Debug|Any CPU.Build.0 = Debug|Any CPU
		{2F53CC2E-CE15-4BD2-8AF5-9E5B15EE48E3}.Debug|x86.ActiveCfg = Debug|x86
		{2F53CC2E-CE15-4BD2-8AF5-9E5B15EE48E3}.Debug|x86.Build.0 = Debug|x86
		{2F53CC2E-CE15-4BD2-8AF5-9E5B15EE48E3}.Release|Any CPU.ActiveCfg = Release|Any CPU
		{2F53CC2E-CE15-4BD2-8AF5-9E5B15EE48E3}.Release|Any CPU.Build.0 = Release|Any CPU
		{2F53CC2E-CE15-4BD2-8AF5-9E5B15EE48E3}.Release|x86.ActiveCfg = Release|x86
		{2F53CC2E-CE15-4BD2-8AF5-9E5B15EE48E3}.Release|x86.Build.0 = Release|x86
		{8A7C0041-A9CB-4B16-B39A-2046A77FD5FF}.Debug|Any CPU.ActiveCfg = Debug|Any CPU
		{8A7C0041-A9CB-4B16-B39A-2046A77FD5FF}.Debug|Any CPU.Build.0 = Debug|Any CPU
		{8A7C0041-A9CB-4B16-B39A-2046A77FD5FF}.Debug|x86.ActiveCfg = Debug|x86
		{8A7C0041-A9CB-4B16-B39A-2046A77FD5FF}.Debug|x86.Build.0 = Debug|x86
		{8A7C0041-A9CB-4B16-B39A-2046A77FD5FF}.Release|Any CPU.ActiveCfg = Release|Any CPU
		{8A7C0041-A9CB-4B16-B39A-2046A77FD5FF}.Release|Any CPU.Build.0 = Release|Any CPU
		{8A7C0041-A9CB-4B16-B39A-2046A77FD5FF}.Release|x86.ActiveCfg = Release|x86
		{8A7C0041-A9CB-4B16-B39A-2046A77FD5FF}.Release|x86.Build.0 = Release|x86
		{57A03DCB-CED7-4468-A708-64F857955A76}.Debug|Any CPU.ActiveCfg = Debug|Any CPU
		{57A03DCB-CED7-4468-A708-64F857955A76}.Debug|Any CPU.Build.0 = Debug|Any CPU
		{57A03DCB-CED7-4468-A708-64F857955A76}.Debug|x86.ActiveCfg = Debug|x86
		{57A03DCB-CED7-4468-A708-64F857955A76}.Debug|x86.Build.0 = Debug|x86
		{57A03DCB-CED7-4468-A708-64F857955A76}.Release|Any CPU.ActiveCfg = Release|Any CPU
		{57A03DCB-CED7-4468-A708-64F857955A76}.Release|Any CPU.Build.0 = Release|Any CPU
		{57A03DCB-CED7-4468-A708-64F857955A76}.Release|x86.ActiveCfg = Release|x86
		{57A03DCB-CED7-4468-A708-64F857955A76}.Release|x86.Build.0 = Release|x86
		{7EE4BF9C-5D1E-4E44-ACD1-EA8560A03D8F}.Debug|Any CPU.ActiveCfg = Debug|Any CPU
		{7EE4BF9C-5D1E-4E44-ACD1-EA8560A03D8F}.Debug|Any CPU.Build.0 = Debug|Any CPU
		{7EE4BF9C-5D1E-4E44-ACD1-EA8560A03D8F}.Debug|x86.ActiveCfg = Debug|x86
		{7EE4BF9C-5D1E-4E44-ACD1-EA8560A03D8F}.Debug|x86.Build.0 = Debug|x86
		{7EE4BF9C-5D1E-4E44-ACD1-EA8560A03D8F}.Release|Any CPU.ActiveCfg = Release|Any CPU
		{7EE4BF9C-5D1E-4E44-ACD1-EA8560A03D8F}.Release|Any CPU.Build.0 = Release|Any CPU
		{7EE4BF9C-5D1E-4E44-ACD1-EA8560A03D8F}.Release|x86.ActiveCfg = Release|x86
		{7EE4BF9C-5D1E-4E44-ACD1-EA8560A03D8F}.Release|x86.Build.0 = Release|x86
		{9C4A6C9D-382B-417C-9B2C-6F7BCEFA9B24}.Debug|Any CPU.ActiveCfg = Debug|Any CPU
		{9C4A6C9D-382B-417C-9B2C-6F7BCEFA9B24}.Debug|Any CPU.Build.0 = Debug|Any CPU
		{9C4A6C9D-382B-417C-9B2C-6F7BCEFA9B24}.Debug|x86.ActiveCfg = Debug|x86
		{9C4A6C9D-382B-417C-9B2C-6F7BCEFA9B24}.Debug|x86.Build.0 = Debug|x86
		{9C4A6C9D-382B-417C-9B2C-6F7BCEFA9B24}.Release|Any CPU.ActiveCfg = Release|Any CPU
		{9C4A6C9D-382B-417C-9B2C-6F7BCEFA9B24}.Release|Any CPU.Build.0 = Release|Any CPU
		{9C4A6C9D-382B-417C-9B2C-6F7BCEFA9B24}.Release|x86.ActiveCfg = Release|x86
		{9C4A6C9D-382B-417C-9B2C-6F7BCEFA9B24}.Release|x86.Build.0 = Release|x86
		{00819ED2-C18B-44E0-B47D-2D53850941FA}.Debug|Any CPU.ActiveCfg = Debug|Any CPU
		{00819ED2-C18B-44E0-B47D-2D53850941FA}.Debug|Any CPU.Build.0 = Debug|Any CPU
		{00819ED2-C18B-44E0-B47D-2D53850941FA}.Debug|x86.ActiveCfg = Debug|x86
		{00819ED2-C18B-44E0-B47D-2D53850941FA}.Debug|x86.Build.0 = Debug|x86
		{00819ED2-C18B-44E0-B47D-2D53850941FA}.Release|Any CPU.ActiveCfg = Release|Any CPU
		{00819ED2-C18B-44E0-B47D-2D53850941FA}.Release|Any CPU.Build.0 = Release|Any CPU
		{00819ED2-C18B-44E0-B47D-2D53850941FA}.Release|x86.ActiveCfg = Release|x86
		{00819ED2-C18B-44E0-B47D-2D53850941FA}.Release|x86.Build.0 = Release|x86
		{B061EED1-F171-4DA5-868E-97E086EED654}.Debug|Any CPU.ActiveCfg = Debug|Any CPU
		{B061EED1-F171-4DA5-868E-97E086EED654}.Debug|Any CPU.Build.0 = Debug|Any CPU
		{B061EED1-F171-4DA5-868E-97E086EED654}.Debug|x86.ActiveCfg = Debug|x86
		{B061EED1-F171-4DA5-868E-97E086EED654}.Debug|x86.Build.0 = Debug|x86
		{B061EED1-F171-4DA5-868E-97E086EED654}.Release|Any CPU.ActiveCfg = Release|Any CPU
		{B061EED1-F171-4DA5-868E-97E086EED654}.Release|Any CPU.Build.0 = Release|Any CPU
		{B061EED1-F171-4DA5-868E-97E086EED654}.Release|x86.ActiveCfg = Release|x86
		{B061EED1-F171-4DA5-868E-97E086EED654}.Release|x86.Build.0 = Release|x86
	EndGlobalSection
	GlobalSection(SolutionProperties) = preSolution
		HideSolutionNode = FALSE
	EndGlobalSection
	GlobalSection(ExtensibilityGlobals) = postSolution
		SolutionGuid = {779B03DD-61D0-4CAD-9948-D5A919CA6021}
	EndGlobalSection
EndGlobal
